// !$*UTF8*$!
{
	archiveVersion = 1;
	classes = {
	};
	objectVersion = 50;
	objects = {

/* Begin PBXFileReference section */
		381DD617214947EC00158927 /* UEhtml.html */ = {isa = PBXFileReference; lastKnownFileType = text.html; path = UEhtml.html; sourceTree = "<group>"; };
		381DD6182149807000158927 /* UE_Parkour.html */ = {isa = PBXFileReference; lastKnownFileType = text.html; path = UE_Parkour.html; sourceTree = "<group>"; };
		381DD6192149807800158927 /* UrbanEvo.html */ = {isa = PBXFileReference; lastKnownFileType = text.html; path = UrbanEvo.html; sourceTree = "<group>"; };
		381DD61A214C15A900158927 /* UE_Style.css */ = {isa = PBXFileReference; lastKnownFileType = text.css; path = UE_Style.css; sourceTree = "<group>"; };
/* End PBXFileReference section */

/* Begin PBXGroup section */
		381DD6102149478C00158927 = {
			isa = PBXGroup;
			children = (
				381DD617214947EC00158927 /* UEhtml.html */,
				381DD6192149807800158927 /* UrbanEvo.html */,
				381DD6182149807000158927 /* UE_Parkour.html */,
				381DD61A214C15A900158927 /* UE_Style.css */,
			);
			sourceTree = "<group>";
		};
/* End PBXGroup section */

/* Begin PBXProject section */
		381DD6112149478C00158927 /* Project object */ = {
			isa = PBXProject;
			attributes = {
				LastUpgradeCheck = 0940;
			};
			buildConfigurationList = 381DD6142149478C00158927 /* Build configuration list for PBXProject "UEwebApp" */;
			compatibilityVersion = "Xcode 9.3";
			developmentRegion = en;
			hasScannedForEncodings = 0;
			knownRegions = (
				en,
			);
			mainGroup = 381DD6102149478C00158927;
			projectDirPath = "";
			projectRoot = "";
			targets = (
			);
		};
/* End PBXProject section */

/* Begin XCBuildConfiguration section */
		381DD6152149478C00158927 /* Debug */ = {
			isa = XCBuildConfiguration;
			buildSettings = {
			};
			name = Debug;
		};
		381DD6162149478C00158927 /* Release */ = {
			isa = XCBuildConfiguration;
			buildSettings = {
			};
			name = Release;
		};
/* End XCBuildConfiguration section */

/* Begin XCConfigurationList section */
		381DD6142149478C00158927 /* Build configuration list for PBXProject "UEwebApp" */ = {
			isa = XCConfigurationList;
			buildConfigurations = (
				381DD6152149478C00158927 /* Debug */,
				381DD6162149478C00158927 /* Release */,
			);
			defaultConfigurationIsVisible = 0;
			defaultConfigurationName = Release;
		};
/* End XCConfigurationList section */
	};
	rootObject = 381DD6112149478C00158927 /* Project object */;
}
